
Microsoft Visual Studio Solution File, Format Version 12.00
Project("{FAE04EC0-301F-11D3-BF4B-00C04F79EFBC}") = "SignalRChat.Server", "SignalRChat.Server\SignalRChat.Server.csproj", "{6CB2BD8E-E4BC-4D14-A0C5-141F6B8523D9}"
EndProject
Project("{FAE04EC0-301F-11D3-BF4B-00C04F79EFBC}") = "SignalRChat.Client", "SignalRChat.Client\SignalRChat.Client.csproj", "{B6DBE24F-5375-4700-B42C-92AA285C5E64}"
EndProject
Global
	GlobalSection(SolutionConfigurationPlatforms) = preSolution
		Debug|Any CPU = Debug|Any CPU
		Release|Any CPU = Release|Any CPU
	EndGlobalSection
	GlobalSection(ProjectConfigurationPlatforms) = postSolution
		{6CB2BD8E-E4BC-4D14-A0C5-141F6B8523D9}.Debug|Any CPU.ActiveCfg = Debug|Any CPU
		{6CB2BD8E-E4BC-4D14-A0C5-141F6B8523D9}.Debug|Any CPU.Build.0 = Debug|Any CPU
		{6CB2BD8E-E4BC-4D14-A0C5-141F6B8523D9}.Release|Any CPU.ActiveCfg = Release|Any CPU
		{6CB2BD8E-E4BC-4D14-A0C5-141F6B8523D9}.Release|Any CPU.Build.0 = Release|Any CPU
		{B6DBE24F-5375-4700-B42C-92AA285C5E64}.Debug|Any CPU.ActiveCfg = Debug|Any CPU
		{B6DBE24F-5375-4700-B42C-92AA285C5E64}.Debug|Any CPU.Build.0 = Debug|Any CPU
		{B6DBE24F-5375-4700-B42C-92AA285C5E64}.Release|Any CPU.ActiveCfg = Release|Any CPU
		{B6DBE24F-5375-4700-B42C-92AA285C5E64}.Release|Any CPU.Build.0 = Release|Any CPU
	EndGlobalSection
EndGlobal
